{
	"name": "playwright-test-automation",
	"version": "1.0.0",
	"lockfileVersion": 2,
	"requires": true,
	"packages": {
		"": {
			"name": "playwright-test-automation",
			"version": "1.0.0",
			"license": "ISC",
			"dependencies": {
				"fs": "^0.0.1-security",
				"playwright": "^1.22.1",
				"prettier": "^2.6.2"
			},
			"devDependencies": {
				"@playwright/test": "^1.22.1",
				"allure-playwright": "^2.0.0-beta.16"
			}
		},
		"node_modules/@playwright/test": {
			"version": "1.22.1",
			"resolved": "https://registry.npmjs.org/@playwright/test/-/test-1.22.1.tgz",
			"integrity": "sha512-8ouMBUboYslHom41W8bnSEn0TwlAMHhCACwOZeuiAgzukj7KobpZ+UBwrGE0jJ0UblJbKAQNRHXL+z7sDSkb6g==",
			"dev": true,
			"dependencies": {
				"playwright-core": "1.22.1"
			},
			"bin": {
				"playwright": "cli.js"
			},
			"engines": {
				"node": ">=14"
			}
		},
		"node_modules/allure-js-commons": {
			"version": "2.0.0-beta.16",
			"resolved": "https://registry.npmjs.org/allure-js-commons/-/allure-js-commons-2.0.0-beta.16.tgz",
			"integrity": "sha512-biAFm8FugPMA0THZpsWLdi+F8n1BeUTYkkpmQ4ZqUAKeg2xcw5arM0Qa4rq6Qs0HPLbdVS9Jj8fb7e/ahCr/Ig==",
			"dev": true,
			"dependencies": {
				"mkdirp": "^1.0.4",
				"properties": "^1.2.1",
				"uuid": "^8.3.0"
			}
		},
		"node_modules/allure-playwright": {
			"version": "2.0.0-beta.16",
			"resolved": "https://registry.npmjs.org/allure-playwright/-/allure-playwright-2.0.0-beta.16.tgz",
			"integrity": "sha512-0Nj2BLIIRFUCZn7CGSXYa7d1M+phmSzUwMD3fbHVxO+q10vNrY8Hf5IT2ITwWMtUHaTAE6uH58GPsa6DB9N3Xw==",
			"dev": true,
			"dependencies": {
				"allure-js-commons": "2.0.0-beta.16"
			}
		},
		"node_modules/fs": {
			"version": "0.0.1-security",
			"resolved": "https://registry.npmjs.org/fs/-/fs-0.0.1-security.tgz",
			"integrity": "sha1-invTcYa23d84E/I4WLV+yq9eQdQ="
		},
		"node_modules/mkdirp": {
			"version": "1.0.4",
			"resolved": "https://registry.npmjs.org/mkdirp/-/mkdirp-1.0.4.tgz",
			"integrity": "sha512-vVqVZQyf3WLx2Shd0qJ9xuvqgAyKPLAiqITEtqW0oIUjzo3PePDd6fW9iFz30ef7Ysp/oiWqbhszeGWW2T6Gzw==",
			"dev": true,
			"bin": {
				"mkdirp": "bin/cmd.js"
			},
			"engines": {
				"node": ">=10"
			}
		},
		"node_modules/playwright": {
			"version": "1.22.1",
			"resolved": "https://registry.npmjs.org/playwright/-/playwright-1.22.1.tgz",
			"integrity": "sha512-pn4dvphQdL3zTgI+xfqkTL3HK1xbtQz+zjJxzyhwKLDxMNuAH7/NCm75auWbYLyssdnvApznujwrQuJvqXTKUw==",
			"hasInstallScript": true,
			"dependencies": {
				"playwright-core": "1.22.1"
			},
			"bin": {
				"playwright": "cli.js"
			},
			"engines": {
				"node": ">=14"
			}
		},
		"node_modules/playwright-core": {
			"version": "1.22.1",
			"resolved": "https://registry.npmjs.org/playwright-core/-/playwright-core-1.22.1.tgz",
			"integrity": "sha512-H+ZUVYnceWNXrRf3oxTEKAr81QzFsCKu5Fp//fEjQvqgKkfA1iX3E9DBrPJpPNOrgVzcE+IqeI0fDmYJe6Ynnw==",
			"bin": {
				"playwright": "cli.js"
			},
			"engines": {
				"node": ">=14"
			}
		},
		"node_modules/prettier": {
			"version": "2.6.2",
			"resolved": "https://registry.npmjs.org/prettier/-/prettier-2.6.2.tgz",
			"integrity": "sha512-PkUpF+qoXTqhOeWL9fu7As8LXsIUZ1WYaJiY/a7McAQzxjk82OF0tibkFXVCDImZtWxbvojFjerkiLb0/q8mew==",
			"bin": {
				"prettier": "bin-prettier.js"
			},
			"engines": {
				"node": ">=10.13.0"
			},
			"funding": {
				"url": "https://github.com/prettier/prettier?sponsor=1"
			}
		},
		"node_modules/properties": {
			"version": "1.2.1",
			"resolved": "https://registry.npmjs.org/properties/-/properties-1.2.1.tgz",
			"integrity": "sha1-Dul6f8AgsaKlW4ZZ7aSqjYaQlL0=",
			"dev": true,
			"engines": {
				"node": ">=0.10"
			}
		},
		"node_modules/uuid": {
			"version": "8.3.2",
			"resolved": "https://registry.npmjs.org/uuid/-/uuid-8.3.2.tgz",
			"integrity": "sha512-+NYs2QeMWy+GWFOEm9xnn6HCDp0l7QBD7ml8zLUmJ+93Q5NF0NocErnwkTkXVFNiX3/fpC6afS8Dhb/gz7R7eg==",
			"dev": true,
			"bin": {
				"uuid": "dist/bin/uuid"
			}
		}
	},
	"dependencies": {
		"@playwright/test": {
			"version": "1.22.1",
			"resolved": "https://registry.npmjs.org/@playwright/test/-/test-1.22.1.tgz",
			"integrity": "sha512-8ouMBUboYslHom41W8bnSEn0TwlAMHhCACwOZeuiAgzukj7KobpZ+UBwrGE0jJ0UblJbKAQNRHXL+z7sDSkb6g==",
			"dev": true,
			"requires": {
				"playwright-core": "1.22.1"
			}
		},
		"allure-js-commons": {
			"version": "2.0.0-beta.16",
			"resolved": "https://registry.npmjs.org/allure-js-commons/-/allure-js-commons-2.0.0-beta.16.tgz",
			"integrity": "sha512-biAFm8FugPMA0THZpsWLdi+F8n1BeUTYkkpmQ4ZqUAKeg2xcw5arM0Qa4rq6Qs0HPLbdVS9Jj8fb7e/ahCr/Ig==",
			"dev": true,
			"requires": {
				"mkdirp": "^1.0.4",
				"properties": "^1.2.1",
				"uuid": "^8.3.0"
			}
		},
		"allure-playwright": {
			"version": "2.0.0-beta.16",
			"resolved": "https://registry.npmjs.org/allure-playwright/-/allure-playwright-2.0.0-beta.16.tgz",
			"integrity": "sha512-0Nj2BLIIRFUCZn7CGSXYa7d1M+phmSzUwMD3fbHVxO+q10vNrY8Hf5IT2ITwWMtUHaTAE6uH58GPsa6DB9N3Xw==",
			"dev": true,
			"requires": {
				"allure-js-commons": "2.0.0-beta.16"
			}
		},
		"fs": {
			"version": "0.0.1-security",
			"resolved": "https://registry.npmjs.org/fs/-/fs-0.0.1-security.tgz",
			"integrity": "sha1-invTcYa23d84E/I4WLV+yq9eQdQ="
		},
		"mkdirp": {
			"version": "1.0.4",
			"resolved": "https://registry.npmjs.org/mkdirp/-/mkdirp-1.0.4.tgz",
			"integrity": "sha512-vVqVZQyf3WLx2Shd0qJ9xuvqgAyKPLAiqITEtqW0oIUjzo3PePDd6fW9iFz30ef7Ysp/oiWqbhszeGWW2T6Gzw==",
			"dev": true
		},
		"playwright": {
			"version": "1.22.1",
			"resolved": "https://registry.npmjs.org/playwright/-/playwright-1.22.1.tgz",
			"integrity": "sha512-pn4dvphQdL3zTgI+xfqkTL3HK1xbtQz+zjJxzyhwKLDxMNuAH7/NCm75auWbYLyssdnvApznujwrQuJvqXTKUw==",
			"requires": {
				"playwright-core": "1.22.1"
			}
		},
		"playwright-core": {
			"version": "1.22.1",
			"resolved": "https://registry.npmjs.org/playwright-core/-/playwright-core-1.22.1.tgz",
			"integrity": "sha512-H+ZUVYnceWNXrRf3oxTEKAr81QzFsCKu5Fp//fEjQvqgKkfA1iX3E9DBrPJpPNOrgVzcE+IqeI0fDmYJe6Ynnw=="
		},
		"prettier": {
			"version": "2.6.2",
			"resolved": "https://registry.npmjs.org/prettier/-/prettier-2.6.2.tgz",
			"integrity": "sha512-PkUpF+qoXTqhOeWL9fu7As8LXsIUZ1WYaJiY/a7McAQzxjk82OF0tibkFXVCDImZtWxbvojFjerkiLb0/q8mew=="
		},
		"properties": {
			"version": "1.2.1",
			"resolved": "https://registry.npmjs.org/properties/-/properties-1.2.1.tgz",
			"integrity": "sha1-Dul6f8AgsaKlW4ZZ7aSqjYaQlL0=",
			"dev": true
		},
		"uuid": {
			"version": "8.3.2",
			"resolved": "https://registry.npmjs.org/uuid/-/uuid-8.3.2.tgz",
			"integrity": "sha512-+NYs2QeMWy+GWFOEm9xnn6HCDp0l7QBD7ml8zLUmJ+93Q5NF0NocErnwkTkXVFNiX3/fpC6afS8Dhb/gz7R7eg==",
			"dev": true
		}
	}
}
